
Microsoft Visual Studio Solution File, Format Version 12.00
# Visual Studio Version 17
VisualStudioVersion = 17.8.34511.84
MinimumVisualStudioVersion = 10.0.40219.1
Project("{FAE04EC0-301F-11D3-BF4B-00C04F79EFBC}") = "ATV_CJ3022145", "ATV_CJ3022145\ATV_CJ3022145.csproj", "{ECB2DA47-10FD-48A3-8500-D3AF2F7108F7}"
EndProject
Global
	GlobalSection(SolutionConfigurationPlatforms) = preSolution
		Debug|Any CPU = Debug|Any CPU
		Release|Any CPU = Release|Any CPU
	EndGlobalSection
	GlobalSection(ProjectConfigurationPlatforms) = postSolution
		{ECB2DA47-10FD-48A3-8500-D3AF2F7108F7}.Debug|Any CPU.ActiveCfg = Debug|Any CPU
		{ECB2DA47-10FD-48A3-8500-D3AF2F7108F7}.Debug|Any CPU.Build.0 = Debug|Any CPU
		{ECB2DA47-10FD-48A3-8500-D3AF2F7108F7}.Release|Any CPU.ActiveCfg = Release|Any CPU
		{ECB2DA47-10FD-48A3-8500-D3AF2F7108F7}.Release|Any CPU.Build.0 = Release|Any CPU
	EndGlobalSection
	GlobalSection(SolutionProperties) = preSolution
		HideSolutionNode = FALSE
	EndGlobalSection
	GlobalSection(ExtensibilityGlobals) = postSolution
		SolutionGuid = {C333E4BA-A805-44C2-99B7-B68DEECE1EEC}
	EndGlobalSection
EndGlobal
